
Microsoft Visual Studio Solution File, Format Version 12.00
Project("{FAE04EC0-301F-11D3-BF4B-00C04F79EFBC}") = "GUI", "GUI\GUI.csproj", "{6C26F227-5BD4-4548-A919-F7ECC897926D}"
EndProject
Project("{2150E333-8FDC-42A3-9474-1A3956D46DE8}") = "src", "src", "{4F13EAA8-7DAC-40F6-A1C3-DE58B49D29AC}"
EndProject
Project("{2150E333-8FDC-42A3-9474-1A3956D46DE8}") = "test", "test", "{FA9CAE48-B415-4087-B4AB-982B144EF5C8}"
EndProject
Project("{FAE04EC0-301F-11D3-BF4B-00C04F79EFBC}") = "BLL", "BLL\BLL.csproj", "{AFA57F88-E3EA-4C07-96C4-CA8CED6727EE}"
EndProject
Project("{FAE04EC0-301F-11D3-BF4B-00C04F79EFBC}") = "DAL", "DAL\DAL.csproj", "{5B30F8B0-3BCC-46A1-8B94-BC9CA7F07BFF}"
EndProject
Project("{FAE04EC0-301F-11D3-BF4B-00C04F79EFBC}") = "DTO", "DTO\DTO.csproj", "{0B0B5BFB-35E9-4A7F-89FF-1614F500DB23}"
EndProject
Global
	GlobalSection(SolutionConfigurationPlatforms) = preSolution
		Debug|Any CPU = Debug|Any CPU
		Release|Any CPU = Release|Any CPU
	EndGlobalSection
	GlobalSection(ProjectConfigurationPlatforms) = postSolution
		{6C26F227-5BD4-4548-A919-F7ECC897926D}.Debug|Any CPU.ActiveCfg = Debug|Any CPU
		{6C26F227-5BD4-4548-A919-F7ECC897926D}.Debug|Any CPU.Build.0 = Debug|Any CPU
		{6C26F227-5BD4-4548-A919-F7ECC897926D}.Release|Any CPU.ActiveCfg = Release|Any CPU
		{6C26F227-5BD4-4548-A919-F7ECC897926D}.Release|Any CPU.Build.0 = Release|Any CPU
		{AFA57F88-E3EA-4C07-96C4-CA8CED6727EE}.Debug|Any CPU.ActiveCfg = Debug|Any CPU
		{AFA57F88-E3EA-4C07-96C4-CA8CED6727EE}.Debug|Any CPU.Build.0 = Debug|Any CPU
		{AFA57F88-E3EA-4C07-96C4-CA8CED6727EE}.Release|Any CPU.ActiveCfg = Release|Any CPU
		{AFA57F88-E3EA-4C07-96C4-CA8CED6727EE}.Release|Any CPU.Build.0 = Release|Any CPU
		{5B30F8B0-3BCC-46A1-8B94-BC9CA7F07BFF}.Debug|Any CPU.ActiveCfg = Debug|Any CPU
		{5B30F8B0-3BCC-46A1-8B94-BC9CA7F07BFF}.Debug|Any CPU.Build.0 = Debug|Any CPU
		{5B30F8B0-3BCC-46A1-8B94-BC9CA7F07BFF}.Release|Any CPU.ActiveCfg = Release|Any CPU
		{5B30F8B0-3BCC-46A1-8B94-BC9CA7F07BFF}.Release|Any CPU.Build.0 = Release|Any CPU
		{0B0B5BFB-35E9-4A7F-89FF-1614F500DB23}.Debug|Any CPU.ActiveCfg = Debug|Any CPU
		{0B0B5BFB-35E9-4A7F-89FF-1614F500DB23}.Debug|Any CPU.Build.0 = Debug|Any CPU
		{0B0B5BFB-35E9-4A7F-89FF-1614F500DB23}.Release|Any CPU.ActiveCfg = Release|Any CPU
		{0B0B5BFB-35E9-4A7F-89FF-1614F500DB23}.Release|Any CPU.Build.0 = Release|Any CPU
	EndGlobalSection
	GlobalSection(NestedProjects) = preSolution
		{6C26F227-5BD4-4548-A919-F7ECC897926D} = {4F13EAA8-7DAC-40F6-A1C3-DE58B49D29AC}
		{AFA57F88-E3EA-4C07-96C4-CA8CED6727EE} = {4F13EAA8-7DAC-40F6-A1C3-DE58B49D29AC}
		{5B30F8B0-3BCC-46A1-8B94-BC9CA7F07BFF} = {4F13EAA8-7DAC-40F6-A1C3-DE58B49D29AC}
		{0B0B5BFB-35E9-4A7F-89FF-1614F500DB23} = {4F13EAA8-7DAC-40F6-A1C3-DE58B49D29AC}
	EndGlobalSection
EndGlobal
