
Microsoft Visual Studio Solution File, Format Version 12.00
Project("{FAE04EC0-301F-11D3-BF4B-00C04F79EFBC}") = "GUI", "GUI\GUI.csproj", "{6C26F227-5BD4-4548-A919-F7ECC897926D}"
EndProject
Project("{2150E333-8FDC-42A3-9474-1A3956D46DE8}") = "src", "src", "{4F13EAA8-7DAC-40F6-A1C3-DE58B49D29AC}"
EndProject
Project("{2150E333-8FDC-42A3-9474-1A3956D46DE8}") = "test", "test", "{FA9CAE48-B415-4087-B4AB-982B144EF5C8}"
EndProject
Project("{FAE04EC0-301F-11D3-BF4B-00C04F79EFBC}") = "BLL", "BLL\BLL.csproj", "{B5162DC6-3723-4672-AA30-F1A03ED66A09}"
EndProject
Project("{FAE04EC0-301F-11D3-BF4B-00C04F79EFBC}") = "DAL", "DAL\DAL.csproj", "{FEA8E826-F5B2-4E85-B194-461C3227A002}"
EndProject
Project("{FAE04EC0-301F-11D3-BF4B-00C04F79EFBC}") = "DTO", "DTO\DTO.csproj", "{F92AB311-1E03-4491-8D80-DCD62E077B15}"
EndProject
Global
	GlobalSection(SolutionConfigurationPlatforms) = preSolution
		Debug|Any CPU = Debug|Any CPU
		Release|Any CPU = Release|Any CPU
	EndGlobalSection
	GlobalSection(ProjectConfigurationPlatforms) = postSolution
		{6C26F227-5BD4-4548-A919-F7ECC897926D}.Debug|Any CPU.ActiveCfg = Debug|Any CPU
		{6C26F227-5BD4-4548-A919-F7ECC897926D}.Debug|Any CPU.Build.0 = Debug|Any CPU
		{6C26F227-5BD4-4548-A919-F7ECC897926D}.Release|Any CPU.ActiveCfg = Release|Any CPU
		{6C26F227-5BD4-4548-A919-F7ECC897926D}.Release|Any CPU.Build.0 = Release|Any CPU
		{B5162DC6-3723-4672-AA30-F1A03ED66A09}.Debug|Any CPU.ActiveCfg = Debug|Any CPU
		{B5162DC6-3723-4672-AA30-F1A03ED66A09}.Debug|Any CPU.Build.0 = Debug|Any CPU
		{B5162DC6-3723-4672-AA30-F1A03ED66A09}.Release|Any CPU.ActiveCfg = Release|Any CPU
		{B5162DC6-3723-4672-AA30-F1A03ED66A09}.Release|Any CPU.Build.0 = Release|Any CPU
		{FEA8E826-F5B2-4E85-B194-461C3227A002}.Debug|Any CPU.ActiveCfg = Debug|Any CPU
		{FEA8E826-F5B2-4E85-B194-461C3227A002}.Debug|Any CPU.Build.0 = Debug|Any CPU
		{FEA8E826-F5B2-4E85-B194-461C3227A002}.Release|Any CPU.ActiveCfg = Release|Any CPU
		{FEA8E826-F5B2-4E85-B194-461C3227A002}.Release|Any CPU.Build.0 = Release|Any CPU
		{F92AB311-1E03-4491-8D80-DCD62E077B15}.Debug|Any CPU.ActiveCfg = Debug|Any CPU
		{F92AB311-1E03-4491-8D80-DCD62E077B15}.Debug|Any CPU.Build.0 = Debug|Any CPU
		{F92AB311-1E03-4491-8D80-DCD62E077B15}.Release|Any CPU.ActiveCfg = Release|Any CPU
		{F92AB311-1E03-4491-8D80-DCD62E077B15}.Release|Any CPU.Build.0 = Release|Any CPU
	EndGlobalSection
	GlobalSection(NestedProjects) = preSolution
		{6C26F227-5BD4-4548-A919-F7ECC897926D} = {4F13EAA8-7DAC-40F6-A1C3-DE58B49D29AC}
		{B5162DC6-3723-4672-AA30-F1A03ED66A09} = {4F13EAA8-7DAC-40F6-A1C3-DE58B49D29AC}
		{FEA8E826-F5B2-4E85-B194-461C3227A002} = {4F13EAA8-7DAC-40F6-A1C3-DE58B49D29AC}
		{F92AB311-1E03-4491-8D80-DCD62E077B15} = {4F13EAA8-7DAC-40F6-A1C3-DE58B49D29AC}
	EndGlobalSection
EndGlobal
